# This file is autogenerated, do not edit; changes may be undone by the next 'dep ensure'.


[[projects]]
  digest = "1:f69948a6c2f289045efabee11ab593f6a16aa25e202a4c7ed3fcd67fea75f39f"
  name = "github.com/cloudevents/sdk-go"
  packages = [
    "v1",
    "v1/cloudevents",
    "v1/cloudevents/client",
    "v1/cloudevents/context",
    "v1/cloudevents/datacodec",
    "v1/cloudevents/datacodec/json",
    "v1/cloudevents/datacodec/text",
    "v1/cloudevents/datacodec/xml",
    "v1/cloudevents/extensions",
    "v1/cloudevents/observability",
    "v1/cloudevents/transport",
    "v1/cloudevents/transport/http",
    "v1/cloudevents/types",
    "v2/binding",
    "v2/binding/format",
    "v2/binding/spec",
    "v2/context",
    "v2/event",
    "v2/event/datacodec",
    "v2/event/datacodec/json",
    "v2/event/datacodec/text",
    "v2/event/datacodec/xml",
    "v2/observability",
    "v2/protocol",
    "v2/protocol/http",
    "v2/types",
  ]
  pruneopts = "UT"
  revision = "6dc020a8df7f3ee38d729e53cde2193ea7edf12a"
  version = "v2.0.0-preview8"

[[projects]]
  digest = "1:a3af33fd30536d9c5a7b6ad542390919e57c1125097a194c7b3d9904109a0611"
  name = "github.com/go-sql-driver/mysql"
  packages = ["."]
  pruneopts = "UT"
  revision = "17ef3dd9d98b69acec3e85878995ada9533a9370"
  version = "v1.5.0"

[[projects]]
  branch = "master"
  digest = "1:b7cb6054d3dff43b38ad2e92492f220f57ae6087ee797dca298139776749ace8"
  name = "github.com/golang/groupcache"
  packages = ["lru"]
  pruneopts = "UT"
  revision = "8c9f03a8e57eb486e42badaed3fb287da51807ba"

[[projects]]
  digest = "1:582b704bebaa06b48c29b0cec224a6058a09c86883aaddabde889cd1a5f73e1b"
  name = "github.com/google/uuid"
  packages = ["."]
  pruneopts = "UT"
  revision = "0cd6bf5da1e1c83f8b45653022c74f71af0538a4"
  version = "v1.1.1"

[[projects]]
  digest = "1:9ff22c26414baf7deaf74f2a788fe7b97666048bcbe346c52cfe823442abbdfb"
  name = "github.com/lib/pq"
  packages = [
    ".",
    "oid",
    "scram",
  ]
  pruneopts = "UT"
  revision = "99274577be97ac9b1d95a2d61d566dc9b7cc6a54"
  version = "v1.3.0"

[[projects]]
  branch = "master"
  digest = "1:a12508addb76a16593d8a3cee41d782fdf738f727d421f0bcc2dd2ee76821c01"
  name = "github.com/lightstep/tracecontext.go"
  packages = [
    "traceparent",
    "tracestate",
  ]
  pruneopts = "UT"
  revision = "1757c391b1acf4147823503f13e003115ea4e5df"

[[projects]]
  branch = "master"
  digest = "1:baf71c3d320cd386c0ab8945b29474d657622c0a88f72499513aa13d3ed57772"
  name = "github.com/mattmoor/bindings"
  packages = [
    "pkg/bindings",
    "pkg/sql",
  ]
  pruneopts = "UT"
  revision = "5386370566e65680d9ae663ae6dcca1d38003ed6"

[[projects]]
  digest = "1:9e1d37b58d17113ec3cb5608ac0382313c5b59470b94ed97d0976e69c7022314"
  name = "github.com/pkg/errors"
  packages = ["."]
  pruneopts = "UT"
  revision = "614d223910a179a466c1767a985424175c39b465"
  version = "v0.9.1"

[[projects]]
  digest = "1:fa9f20d806fe4245d91fc453e158f2a6e4351cb149e797a62ed2bf92f89317e2"
  name = "go.opencensus.io"
  packages = [
    ".",
    "internal",
    "internal/tagencoding",
    "metric/metricdata",
    "metric/metricproducer",
    "plugin/ochttp",
    "plugin/ochttp/propagation/b3",
    "plugin/ochttp/propagation/tracecontext",
    "resource",
    "stats",
    "stats/internal",
    "stats/view",
    "tag",
    "trace",
    "trace/internal",
    "trace/propagation",
    "trace/tracestate",
  ]
  pruneopts = "UT"
  revision = "d835ff86be02193d324330acdb7d65546b05f814"
  version = "v0.22.3"

[[projects]]
  digest = "1:19525e48b45af69339bd7c2812137dbd1e650a78fc09c7c75482e307d51aa28d"
  name = "go.uber.org/atomic"
  packages = ["."]
  pruneopts = "UT"
  revision = "845920076a298bdb984fb0f1b86052e4ca0a281c"
  version = "v1.6.0"

[[projects]]
  digest = "1:a23ddd39502ba94e2a72815a946d0edec801defcf0a0c0530d04acee1f455128"
  name = "go.uber.org/multierr"
  packages = ["."]
  pruneopts = "UT"
  revision = "b587143a48b62b01d337824eab43700af6ffe222"
  version = "v1.5.0"

[[projects]]
  digest = "1:37db8edb1893509ed6230cb160a98ff5dc8fe4f82b6818baa88af4b478ce3824"
  name = "go.uber.org/zap"
  packages = [
    ".",
    "buffer",
    "internal/bufferpool",
    "internal/color",
    "internal/exit",
    "zapcore",
  ]
  pruneopts = "UT"
  revision = "2aa9fa25da83bdfff756c36a91442edc9a84576c"
  version = "v1.14.1"

[[projects]]
  branch = "master"
  digest = "1:d42f105e885238cad3ca2b3b3646db166665af73c593623067f8987de613cf19"
  name = "knative.dev/eventing"
  packages = ["pkg/kncloudevents"]
  pruneopts = "UT"
  revision = "7babc039e52bae5530cf36643f1664153ce7265e"

[solve-meta]
  analyzer-name = "dep"
  analyzer-version = 1
  input-imports = [
    "github.com/cloudevents/sdk-go/v1",
    "github.com/lib/pq",
    "github.com/mattmoor/bindings/pkg/sql",
    "knative.dev/eventing/pkg/kncloudevents",
  ]
  solver-name = "gps-cdcl"
  solver-version = 1
